
Microsoft Visual Studio Solution File, Format Version 12.00
# Visual Studio Version 17
VisualStudioVersion = 17.0.32112.339
MinimumVisualStudioVersion = 10.0.40219.1
Project("{888888A0-9F3D-457C-B088-3A5042F75D52}") = "lmms Parser", "lmms Parser\lmms Parser.pyproj", "{9762406E-6C11-45EF-9449-56697E360F58}"
EndProject
Global
	GlobalSection(SolutionConfigurationPlatforms) = preSolution
		Debug|Any CPU = Debug|Any CPU
		Release|Any CPU = Release|Any CPU
	EndGlobalSection
	GlobalSection(ProjectConfigurationPlatforms) = postSolution
		{9762406E-6C11-45EF-9449-56697E360F58}.Debug|Any CPU.ActiveCfg = Debug|Any CPU
		{9762406E-6C11-45EF-9449-56697E360F58}.Release|Any CPU.ActiveCfg = Release|Any CPU
	EndGlobalSection
	GlobalSection(SolutionProperties) = preSolution
		HideSolutionNode = FALSE
	EndGlobalSection
	GlobalSection(ExtensibilityGlobals) = postSolution
		SolutionGuid = {597DECFC-3B52-4119-A76B-646A00F87B6B}
	EndGlobalSection
EndGlobal
